
Microsoft Visual Studio Solution File, Format Version 12.00
# Visual Studio Version 16
VisualStudioVersion = 16.0.31205.134
MinimumVisualStudioVersion = 10.0.40219.1
Project("{9A19103F-16F7-4668-BE54-9A1E7A4F7556}") = "GerenciadorDeTarefas", "GerenciadorDeTarefas\GerenciadorDeTarefas.csproj", "{A366D6AB-9BCB-4270-A577-A9262FEE6275}"
EndProject
Global
	GlobalSection(SolutionConfigurationPlatforms) = preSolution
		Debug|Any CPU = Debug|Any CPU
		Release|Any CPU = Release|Any CPU
	EndGlobalSection
	GlobalSection(ProjectConfigurationPlatforms) = postSolution
		{A366D6AB-9BCB-4270-A577-A9262FEE6275}.Debug|Any CPU.ActiveCfg = Debug|Any CPU
		{A366D6AB-9BCB-4270-A577-A9262FEE6275}.Debug|Any CPU.Build.0 = Debug|Any CPU
		{A366D6AB-9BCB-4270-A577-A9262FEE6275}.Release|Any CPU.ActiveCfg = Release|Any CPU
		{A366D6AB-9BCB-4270-A577-A9262FEE6275}.Release|Any CPU.Build.0 = Release|Any CPU
	EndGlobalSection
	GlobalSection(SolutionProperties) = preSolution
		HideSolutionNode = FALSE
	EndGlobalSection
	GlobalSection(ExtensibilityGlobals) = postSolution
		SolutionGuid = {5B308C10-CA58-4E59-ACF9-1524E38DDEF5}
	EndGlobalSection
EndGlobal
